
Microsoft Visual Studio Solution File, Format Version 12.00
# Visual Studio Version 16
VisualStudioVersion = 16.0.30002.166
MinimumVisualStudioVersion = 10.0.40219.1
Project("{2150E333-8FDC-42A3-9474-1A3956D46DE8}") = "SimpleFactoryPattern", "SimpleFactoryPattern", "{21296937-AE5A-4476-9342-25FF68BC5B70}"
EndProject
Project("{9A19103F-16F7-4668-BE54-9A1E7A4F7556}") = "csharpcore", "SimpleFactoryPattern\csharpcore.csproj", "{56A72B63-EDFC-4C57-90DA-36E70F4050A6}"
EndProject
Global
	GlobalSection(SolutionConfigurationPlatforms) = preSolution
		Debug|Any CPU = Debug|Any CPU
		Release|Any CPU = Release|Any CPU
	EndGlobalSection
	GlobalSection(ProjectConfigurationPlatforms) = postSolution
		{56A72B63-EDFC-4C57-90DA-36E70F4050A6}.Debug|Any CPU.ActiveCfg = Debug|Any CPU
		{56A72B63-EDFC-4C57-90DA-36E70F4050A6}.Debug|Any CPU.Build.0 = Debug|Any CPU
		{56A72B63-EDFC-4C57-90DA-36E70F4050A6}.Release|Any CPU.ActiveCfg = Release|Any CPU
		{56A72B63-EDFC-4C57-90DA-36E70F4050A6}.Release|Any CPU.Build.0 = Release|Any CPU
	EndGlobalSection
	GlobalSection(SolutionProperties) = preSolution
		HideSolutionNode = FALSE
	EndGlobalSection
	GlobalSection(NestedProjects) = preSolution
		{56A72B63-EDFC-4C57-90DA-36E70F4050A6} = {21296937-AE5A-4476-9342-25FF68BC5B70}
	EndGlobalSection
	GlobalSection(ExtensibilityGlobals) = postSolution
		SolutionGuid = {E5EEBD8F-3964-4E72-9909-758B42E865C5}
	EndGlobalSection
EndGlobal
